
Microsoft Visual Studio Solution File, Format Version 12.00
# Visual Studio 15
VisualStudioVersion = 15.0.27004.2010
MinimumVisualStudioVersion = 10.0.40219.1
Project("{FAE04EC0-301F-11D3-BF4B-00C04F79EFBC}") = "PartyInvites", "PartyInvites\PartyInvites.csproj", "{541A67AF-80B2-434A-8161-734357E32884}"
EndProject
Global
	GlobalSection(SolutionConfigurationPlatforms) = preSolution
		Debug|Any CPU = Debug|Any CPU
		Release|Any CPU = Release|Any CPU
	EndGlobalSection
	GlobalSection(ProjectConfigurationPlatforms) = postSolution
		{541A67AF-80B2-434A-8161-734357E32884}.Debug|Any CPU.ActiveCfg = Debug|Any CPU
		{541A67AF-80B2-434A-8161-734357E32884}.Debug|Any CPU.Build.0 = Debug|Any CPU
		{541A67AF-80B2-434A-8161-734357E32884}.Release|Any CPU.ActiveCfg = Release|Any CPU
		{541A67AF-80B2-434A-8161-734357E32884}.Release|Any CPU.Build.0 = Release|Any CPU
	EndGlobalSection
	GlobalSection(SolutionProperties) = preSolution
		HideSolutionNode = FALSE
	EndGlobalSection
	GlobalSection(ExtensibilityGlobals) = postSolution
		SolutionGuid = {3377A2E9-1B7C-4B3F-9BBC-2FCCE5F3EE01}
	EndGlobalSection
EndGlobal
